
Microsoft Visual Studio Solution File, Format Version 12.00
# Visual Studio 15
VisualStudioVersion = 15.0.28307.1831
MinimumVisualStudioVersion = 10.0.40219.1
Project("{8BC9CEB8-8B4A-11D0-8D11-00A0C91BC942}") = "Soundex", "Soundex\Soundex.vcxproj", "{1890A51F-52C1-4724-B7D9-5B93D0CC8638}"
EndProject
Global
	GlobalSection(SolutionConfigurationPlatforms) = preSolution
		Debug|x64 = Debug|x64
		Debug|x86 = Debug|x86
		Release|x64 = Release|x64
		Release|x86 = Release|x86
	EndGlobalSection
	GlobalSection(ProjectConfigurationPlatforms) = postSolution
		{1890A51F-52C1-4724-B7D9-5B93D0CC8638}.Debug|x64.ActiveCfg = Debug|x64
		{1890A51F-52C1-4724-B7D9-5B93D0CC8638}.Debug|x64.Build.0 = Debug|x64
		{1890A51F-52C1-4724-B7D9-5B93D0CC8638}.Debug|x86.ActiveCfg = Debug|Win32
		{1890A51F-52C1-4724-B7D9-5B93D0CC8638}.Debug|x86.Build.0 = Debug|Win32
		{1890A51F-52C1-4724-B7D9-5B93D0CC8638}.Release|x64.ActiveCfg = Release|x64
		{1890A51F-52C1-4724-B7D9-5B93D0CC8638}.Release|x64.Build.0 = Release|x64
		{1890A51F-52C1-4724-B7D9-5B93D0CC8638}.Release|x86.ActiveCfg = Release|Win32
		{1890A51F-52C1-4724-B7D9-5B93D0CC8638}.Release|x86.Build.0 = Release|Win32
	EndGlobalSection
	GlobalSection(SolutionProperties) = preSolution
		HideSolutionNode = FALSE
	EndGlobalSection
	GlobalSection(ExtensibilityGlobals) = postSolution
		SolutionGuid = {5BC861A3-3BDA-443B-BED4-3DA11F4C9E8B}
	EndGlobalSection
EndGlobal
